
Microsoft Visual Studio Solution File, Format Version 12.00
# Visual Studio Version 17
VisualStudioVersion = 17.2.32526.322
MinimumVisualStudioVersion = 10.0.40219.1
Project("{FAE04EC0-301F-11D3-BF4B-00C04F79EFBC}") = "GadajecBlazor.Server", "GadajecBlazor\Server\GadajecBlazor.Server.csproj", "{861E4B2C-B676-49E0-86C0-C08A53F535A6}"
EndProject
Project("{FAE04EC0-301F-11D3-BF4B-00C04F79EFBC}") = "GadajecBlazor.Client", "GadajecBlazor\Client\GadajecBlazor.Client.csproj", "{819A4619-DB3D-4191-BAEC-1F7B9863AB51}"
EndProject
Project("{FAE04EC0-301F-11D3-BF4B-00C04F79EFBC}") = "GadajecBlazor.Shared", "GadajecBlazor\Shared\GadajecBlazor.Shared.csproj", "{C88316D0-5C1C-4FDF-9A7B-F90AE8B2331C}"
EndProject
Global
	GlobalSection(SolutionConfigurationPlatforms) = preSolution
		Debug|Any CPU = Debug|Any CPU
		Release|Any CPU = Release|Any CPU
	EndGlobalSection
	GlobalSection(ProjectConfigurationPlatforms) = postSolution
		{861E4B2C-B676-49E0-86C0-C08A53F535A6}.Debug|Any CPU.ActiveCfg = Debug|Any CPU
		{861E4B2C-B676-49E0-86C0-C08A53F535A6}.Debug|Any CPU.Build.0 = Debug|Any CPU
		{861E4B2C-B676-49E0-86C0-C08A53F535A6}.Release|Any CPU.ActiveCfg = Release|Any CPU
		{861E4B2C-B676-49E0-86C0-C08A53F535A6}.Release|Any CPU.Build.0 = Release|Any CPU
		{819A4619-DB3D-4191-BAEC-1F7B9863AB51}.Debug|Any CPU.ActiveCfg = Debug|Any CPU
		{819A4619-DB3D-4191-BAEC-1F7B9863AB51}.Debug|Any CPU.Build.0 = Debug|Any CPU
		{819A4619-DB3D-4191-BAEC-1F7B9863AB51}.Release|Any CPU.ActiveCfg = Release|Any CPU
		{819A4619-DB3D-4191-BAEC-1F7B9863AB51}.Release|Any CPU.Build.0 = Release|Any CPU
		{C88316D0-5C1C-4FDF-9A7B-F90AE8B2331C}.Debug|Any CPU.ActiveCfg = Debug|Any CPU
		{C88316D0-5C1C-4FDF-9A7B-F90AE8B2331C}.Debug|Any CPU.Build.0 = Debug|Any CPU
		{C88316D0-5C1C-4FDF-9A7B-F90AE8B2331C}.Release|Any CPU.ActiveCfg = Release|Any CPU
		{C88316D0-5C1C-4FDF-9A7B-F90AE8B2331C}.Release|Any CPU.Build.0 = Release|Any CPU
	EndGlobalSection
	GlobalSection(SolutionProperties) = preSolution
		HideSolutionNode = FALSE
	EndGlobalSection
	GlobalSection(ExtensibilityGlobals) = postSolution
		SolutionGuid = {3679D20A-1597-4EBF-9F5A-1178F8B7C8AF}
	EndGlobalSection
EndGlobal
