
Microsoft Visual Studio Solution File, Format Version 12.00
# Visual Studio Version 17
VisualStudioVersion = 17.2.32526.322
MinimumVisualStudioVersion = 10.0.40219.1
Project("{9A19103F-16F7-4668-BE54-9A1E7A4F7556}") = "GadajecBlazor", "GadajecBlazor\GadajecBlazor.csproj", "{7B4E3BC8-2FCE-4546-B710-12D6613BA269}"
	ProjectSection(ProjectDependencies) = postProject
		{5BC3395B-990F-4453-810A-7E6413AB57BD} = {5BC3395B-990F-4453-810A-7E6413AB57BD}
	EndProjectSection
EndProject
Project("{9A19103F-16F7-4668-BE54-9A1E7A4F7556}") = "Gadajec.Application", "Gadajec.Application\Gadajec.Application.csproj", "{80505E18-AD0F-476C-A36B-4CDEB826E9C5}"
	ProjectSection(ProjectDependencies) = postProject
		{2061A236-11BB-4903-BC78-584CE9504813} = {2061A236-11BB-4903-BC78-584CE9504813}
	EndProjectSection
EndProject
Project("{2150E333-8FDC-42A3-9474-1A3956D46DE8}") = "Gadajec.Application", "Gadajec.Application", "{A9E3A4F8-8171-41FA-9393-0A4B3EF32412}"
EndProject
Project("{2150E333-8FDC-42A3-9474-1A3956D46DE8}") = "Gadajec.Infrastructure", "Gadajec.Infrastructure", "{3E9EF2EF-3E75-4D33-820F-5461CFC21BAA}"
EndProject
Project("{2150E333-8FDC-42A3-9474-1A3956D46DE8}") = "Gadajec.Presentation", "Gadajec.Presentation", "{7D8A0624-FDDC-47CA-9B0C-9638C72D494D}"
EndProject
Project("{9A19103F-16F7-4668-BE54-9A1E7A4F7556}") = "Gadajec.Domain", "Gadajec.Domain\Gadajec.Domain.csproj", "{2061A236-11BB-4903-BC78-584CE9504813}"
EndProject
Project("{9A19103F-16F7-4668-BE54-9A1E7A4F7556}") = "Gadajec.Infrastructure", "Gadajec.Infrastructure\Gadajec.Infrastructure.csproj", "{4D36F04D-49EE-4BC2-BBFF-1F3405610173}"
	ProjectSection(ProjectDependencies) = postProject
		{2061A236-11BB-4903-BC78-584CE9504813} = {2061A236-11BB-4903-BC78-584CE9504813}
		{80505E18-AD0F-476C-A36B-4CDEB826E9C5} = {80505E18-AD0F-476C-A36B-4CDEB826E9C5}
	EndProjectSection
EndProject
Project("{9A19103F-16F7-4668-BE54-9A1E7A4F7556}") = "Gadajec.Persistance", "Gadajec.Persistance\Gadajec.Persistance.csproj", "{35901E88-33E7-4A3A-9E46-83E3335539D7}"
	ProjectSection(ProjectDependencies) = postProject
		{2061A236-11BB-4903-BC78-584CE9504813} = {2061A236-11BB-4903-BC78-584CE9504813}
		{80505E18-AD0F-476C-A36B-4CDEB826E9C5} = {80505E18-AD0F-476C-A36B-4CDEB826E9C5}
	EndProjectSection
EndProject
Project("{2150E333-8FDC-42A3-9474-1A3956D46DE8}") = "Gadajec.Domain", "Gadajec.Domain", "{A236CE40-DB09-4912-A4DC-A058D5DE9716}"
EndProject
Project("{9A19103F-16F7-4668-BE54-9A1E7A4F7556}") = "Gadajec.API", "Gadajec.API\Gadajec.API.csproj", "{5BC3395B-990F-4453-810A-7E6413AB57BD}"
	ProjectSection(ProjectDependencies) = postProject
		{35901E88-33E7-4A3A-9E46-83E3335539D7} = {35901E88-33E7-4A3A-9E46-83E3335539D7}
		{4D36F04D-49EE-4BC2-BBFF-1F3405610173} = {4D36F04D-49EE-4BC2-BBFF-1F3405610173}
	EndProjectSection
EndProject
Global
	GlobalSection(SolutionConfigurationPlatforms) = preSolution
		Debug|Any CPU = Debug|Any CPU
		Release|Any CPU = Release|Any CPU
	EndGlobalSection
	GlobalSection(ProjectConfigurationPlatforms) = postSolution
		{7B4E3BC8-2FCE-4546-B710-12D6613BA269}.Debug|Any CPU.ActiveCfg = Debug|Any CPU
		{7B4E3BC8-2FCE-4546-B710-12D6613BA269}.Debug|Any CPU.Build.0 = Debug|Any CPU
		{7B4E3BC8-2FCE-4546-B710-12D6613BA269}.Release|Any CPU.ActiveCfg = Release|Any CPU
		{7B4E3BC8-2FCE-4546-B710-12D6613BA269}.Release|Any CPU.Build.0 = Release|Any CPU
		{80505E18-AD0F-476C-A36B-4CDEB826E9C5}.Debug|Any CPU.ActiveCfg = Debug|Any CPU
		{80505E18-AD0F-476C-A36B-4CDEB826E9C5}.Debug|Any CPU.Build.0 = Debug|Any CPU
		{80505E18-AD0F-476C-A36B-4CDEB826E9C5}.Release|Any CPU.ActiveCfg = Release|Any CPU
		{80505E18-AD0F-476C-A36B-4CDEB826E9C5}.Release|Any CPU.Build.0 = Release|Any CPU
		{2061A236-11BB-4903-BC78-584CE9504813}.Debug|Any CPU.ActiveCfg = Debug|Any CPU
		{2061A236-11BB-4903-BC78-584CE9504813}.Debug|Any CPU.Build.0 = Debug|Any CPU
		{2061A236-11BB-4903-BC78-584CE9504813}.Release|Any CPU.ActiveCfg = Release|Any CPU
		{2061A236-11BB-4903-BC78-584CE9504813}.Release|Any CPU.Build.0 = Release|Any CPU
		{4D36F04D-49EE-4BC2-BBFF-1F3405610173}.Debug|Any CPU.ActiveCfg = Debug|Any CPU
		{4D36F04D-49EE-4BC2-BBFF-1F3405610173}.Debug|Any CPU.Build.0 = Debug|Any CPU
		{4D36F04D-49EE-4BC2-BBFF-1F3405610173}.Release|Any CPU.ActiveCfg = Release|Any CPU
		{4D36F04D-49EE-4BC2-BBFF-1F3405610173}.Release|Any CPU.Build.0 = Release|Any CPU
		{35901E88-33E7-4A3A-9E46-83E3335539D7}.Debug|Any CPU.ActiveCfg = Debug|Any CPU
		{35901E88-33E7-4A3A-9E46-83E3335539D7}.Debug|Any CPU.Build.0 = Debug|Any CPU
		{35901E88-33E7-4A3A-9E46-83E3335539D7}.Release|Any CPU.ActiveCfg = Release|Any CPU
		{35901E88-33E7-4A3A-9E46-83E3335539D7}.Release|Any CPU.Build.0 = Release|Any CPU
		{5BC3395B-990F-4453-810A-7E6413AB57BD}.Debug|Any CPU.ActiveCfg = Debug|Any CPU
		{5BC3395B-990F-4453-810A-7E6413AB57BD}.Debug|Any CPU.Build.0 = Debug|Any CPU
		{5BC3395B-990F-4453-810A-7E6413AB57BD}.Release|Any CPU.ActiveCfg = Release|Any CPU
		{5BC3395B-990F-4453-810A-7E6413AB57BD}.Release|Any CPU.Build.0 = Release|Any CPU
	EndGlobalSection
	GlobalSection(SolutionProperties) = preSolution
		HideSolutionNode = FALSE
	EndGlobalSection
	GlobalSection(NestedProjects) = preSolution
		{7B4E3BC8-2FCE-4546-B710-12D6613BA269} = {7D8A0624-FDDC-47CA-9B0C-9638C72D494D}
		{80505E18-AD0F-476C-A36B-4CDEB826E9C5} = {A9E3A4F8-8171-41FA-9393-0A4B3EF32412}
		{2061A236-11BB-4903-BC78-584CE9504813} = {A236CE40-DB09-4912-A4DC-A058D5DE9716}
		{4D36F04D-49EE-4BC2-BBFF-1F3405610173} = {3E9EF2EF-3E75-4D33-820F-5461CFC21BAA}
		{35901E88-33E7-4A3A-9E46-83E3335539D7} = {3E9EF2EF-3E75-4D33-820F-5461CFC21BAA}
		{5BC3395B-990F-4453-810A-7E6413AB57BD} = {7D8A0624-FDDC-47CA-9B0C-9638C72D494D}
	EndGlobalSection
	GlobalSection(ExtensibilityGlobals) = postSolution
		SolutionGuid = {7A0A27EB-2907-4266-B319-D4EB0710A58F}
	EndGlobalSection
EndGlobal
