
Microsoft Visual Studio Solution File, Format Version 12.00
# Visual Studio Version 17
VisualStudioVersion = 17.1.32328.378
MinimumVisualStudioVersion = 10.0.40219.1
Project("{2150E333-8FDC-42A3-9474-1A3956D46DE8}") = "Gadajec.Presentation", "Gadajec.Presentation", "{C3486497-CCC1-458F-A6A4-F6960A006852}"
EndProject
Project("{2150E333-8FDC-42A3-9474-1A3956D46DE8}") = "Gadajec.Core", "Gadajec.Core", "{40422984-908E-4021-87D6-EFE811D15556}"
EndProject
Project("{2150E333-8FDC-42A3-9474-1A3956D46DE8}") = "Gadajec.Infrastructure", "Gadajec.Infrastructure", "{2F5193E7-012A-478E-BE63-E065440DC6A0}"
EndProject
Project("{9A19103F-16F7-4668-BE54-9A1E7A4F7556}") = "Gadajec.API", "Gadajec.API\Gadajec.API.csproj", "{94CEF77B-0C3E-4333-A106-1AB6CE92EE39}"
EndProject
Project("{9A19103F-16F7-4668-BE54-9A1E7A4F7556}") = "Gadajec.Domain", "Gadajec.Domain\Gadajec.Domain.csproj", "{B49B2983-97A8-4296-9595-0B1DEAE095E2}"
EndProject
Project("{9A19103F-16F7-4668-BE54-9A1E7A4F7556}") = "Gadajec.Application", "Gadajec.Application\Gadajec.Application.csproj", "{B3131044-BDA0-4D99-B7FD-39C4838AB911}"
EndProject
Project("{9A19103F-16F7-4668-BE54-9A1E7A4F7556}") = "Gadajec.Infrastructure", "Gadajec.Infrastructure\Gadajec.Infrastructure.csproj", "{D25CC9A4-FC5B-41E9-B6F3-45F0C158F777}"
EndProject
Project("{9A19103F-16F7-4668-BE54-9A1E7A4F7556}") = "Gadajec.Persistance", "Gadajec.Persistance\Gadajec.Persistance.csproj", "{30989589-6B7F-4B11-9C10-760DD25F4990}"
EndProject
Global
	GlobalSection(SolutionConfigurationPlatforms) = preSolution
		Debug|Any CPU = Debug|Any CPU
		Release|Any CPU = Release|Any CPU
	EndGlobalSection
	GlobalSection(ProjectConfigurationPlatforms) = postSolution
		{94CEF77B-0C3E-4333-A106-1AB6CE92EE39}.Debug|Any CPU.ActiveCfg = Debug|Any CPU
		{94CEF77B-0C3E-4333-A106-1AB6CE92EE39}.Debug|Any CPU.Build.0 = Debug|Any CPU
		{94CEF77B-0C3E-4333-A106-1AB6CE92EE39}.Release|Any CPU.ActiveCfg = Release|Any CPU
		{94CEF77B-0C3E-4333-A106-1AB6CE92EE39}.Release|Any CPU.Build.0 = Release|Any CPU
		{B49B2983-97A8-4296-9595-0B1DEAE095E2}.Debug|Any CPU.ActiveCfg = Debug|Any CPU
		{B49B2983-97A8-4296-9595-0B1DEAE095E2}.Debug|Any CPU.Build.0 = Debug|Any CPU
		{B49B2983-97A8-4296-9595-0B1DEAE095E2}.Release|Any CPU.ActiveCfg = Release|Any CPU
		{B49B2983-97A8-4296-9595-0B1DEAE095E2}.Release|Any CPU.Build.0 = Release|Any CPU
		{B3131044-BDA0-4D99-B7FD-39C4838AB911}.Debug|Any CPU.ActiveCfg = Debug|Any CPU
		{B3131044-BDA0-4D99-B7FD-39C4838AB911}.Debug|Any CPU.Build.0 = Debug|Any CPU
		{B3131044-BDA0-4D99-B7FD-39C4838AB911}.Release|Any CPU.ActiveCfg = Release|Any CPU
		{B3131044-BDA0-4D99-B7FD-39C4838AB911}.Release|Any CPU.Build.0 = Release|Any CPU
		{D25CC9A4-FC5B-41E9-B6F3-45F0C158F777}.Debug|Any CPU.ActiveCfg = Debug|Any CPU
		{D25CC9A4-FC5B-41E9-B6F3-45F0C158F777}.Debug|Any CPU.Build.0 = Debug|Any CPU
		{D25CC9A4-FC5B-41E9-B6F3-45F0C158F777}.Release|Any CPU.ActiveCfg = Release|Any CPU
		{D25CC9A4-FC5B-41E9-B6F3-45F0C158F777}.Release|Any CPU.Build.0 = Release|Any CPU
		{30989589-6B7F-4B11-9C10-760DD25F4990}.Debug|Any CPU.ActiveCfg = Debug|Any CPU
		{30989589-6B7F-4B11-9C10-760DD25F4990}.Debug|Any CPU.Build.0 = Debug|Any CPU
		{30989589-6B7F-4B11-9C10-760DD25F4990}.Release|Any CPU.ActiveCfg = Release|Any CPU
		{30989589-6B7F-4B11-9C10-760DD25F4990}.Release|Any CPU.Build.0 = Release|Any CPU
	EndGlobalSection
	GlobalSection(SolutionProperties) = preSolution
		HideSolutionNode = FALSE
	EndGlobalSection
	GlobalSection(NestedProjects) = preSolution
		{94CEF77B-0C3E-4333-A106-1AB6CE92EE39} = {C3486497-CCC1-458F-A6A4-F6960A006852}
		{B49B2983-97A8-4296-9595-0B1DEAE095E2} = {40422984-908E-4021-87D6-EFE811D15556}
		{B3131044-BDA0-4D99-B7FD-39C4838AB911} = {40422984-908E-4021-87D6-EFE811D15556}
		{D25CC9A4-FC5B-41E9-B6F3-45F0C158F777} = {2F5193E7-012A-478E-BE63-E065440DC6A0}
		{30989589-6B7F-4B11-9C10-760DD25F4990} = {2F5193E7-012A-478E-BE63-E065440DC6A0}
	EndGlobalSection
	GlobalSection(ExtensibilityGlobals) = postSolution
		SolutionGuid = {18E33E69-D707-4E86-8FFE-22DFB9F8EA76}
	EndGlobalSection
EndGlobal
