
Microsoft Visual Studio Solution File, Format Version 12.00
# Visual Studio Version 17
VisualStudioVersion = 17.2.32526.322
MinimumVisualStudioVersion = 10.0.40219.1
Project("{9A19103F-16F7-4668-BE54-9A1E7A4F7556}") = "Gadajec.Server", "Gadajec\Server\Gadajec.Server.csproj", "{96A19711-D39C-4CFB-926C-DCB27C755B55}"
	ProjectSection(ProjectDependencies) = postProject
		{1CF91908-0E32-42FD-AB05-CFDFC96BBB9E} = {1CF91908-0E32-42FD-AB05-CFDFC96BBB9E}
	EndProjectSection
EndProject
Project("{9A19103F-16F7-4668-BE54-9A1E7A4F7556}") = "Gadajec.Shared", "Gadajec\Shared\Gadajec.Shared.csproj", "{48ABA335-81A7-4A8A-BE85-A304B1B70B97}"
EndProject
Project("{2150E333-8FDC-42A3-9474-1A3956D46DE8}") = "Application", "Application", "{D71BE94D-F6E4-4B64-80CC-ADE67F9A4EC3}"
EndProject
Project("{2150E333-8FDC-42A3-9474-1A3956D46DE8}") = "Domain", "Domain", "{A8ED3556-2E80-4182-9421-53B9C51BB844}"
EndProject
Project("{2150E333-8FDC-42A3-9474-1A3956D46DE8}") = "Infrastructure", "Infrastructure", "{2037B17A-06EB-49C1-8DF5-ACC61C93D268}"
EndProject
Project("{2150E333-8FDC-42A3-9474-1A3956D46DE8}") = "Presentation", "Presentation", "{FE9F7A99-C26E-4F9C-BB32-B7C6FF9CD4CA}"
EndProject
Project("{2150E333-8FDC-42A3-9474-1A3956D46DE8}") = "Shared", "Shared", "{A53B2FFA-377A-45A8-9A93-82B920CD1729}"
EndProject
Project("{9A19103F-16F7-4668-BE54-9A1E7A4F7556}") = "Gadajec.Application", "Gadajec.Application\Gadajec.Application.csproj", "{1CF91908-0E32-42FD-AB05-CFDFC96BBB9E}"
	ProjectSection(ProjectDependencies) = postProject
		{48ABA335-81A7-4A8A-BE85-A304B1B70B97} = {48ABA335-81A7-4A8A-BE85-A304B1B70B97}
		{91C04140-F548-4C07-BDE3-745B0789AA73} = {91C04140-F548-4C07-BDE3-745B0789AA73}
	EndProjectSection
EndProject
Project("{9A19103F-16F7-4668-BE54-9A1E7A4F7556}") = "Gadajec.Domain", "Gadajec.Domain\Gadajec.Domain.csproj", "{91C04140-F548-4C07-BDE3-745B0789AA73}"
EndProject
Project("{9A19103F-16F7-4668-BE54-9A1E7A4F7556}") = "Gadajec.Infrastructure", "Gadajec.Infrastructure\Gadajec.Infrastructure.csproj", "{7582B8F2-A2AD-4D49-A80A-3FE8C065C3B1}"
	ProjectSection(ProjectDependencies) = postProject
		{1CF91908-0E32-42FD-AB05-CFDFC96BBB9E} = {1CF91908-0E32-42FD-AB05-CFDFC96BBB9E}
	EndProjectSection
EndProject
Project("{9A19103F-16F7-4668-BE54-9A1E7A4F7556}") = "Gadajec.Persistance", "Gadajec.Persistance\Gadajec.Persistance.csproj", "{E26E2829-3EA0-49FF-958E-1C9EB4DBC882}"
	ProjectSection(ProjectDependencies) = postProject
		{1CF91908-0E32-42FD-AB05-CFDFC96BBB9E} = {1CF91908-0E32-42FD-AB05-CFDFC96BBB9E}
		{91C04140-F548-4C07-BDE3-745B0789AA73} = {91C04140-F548-4C07-BDE3-745B0789AA73}
	EndProjectSection
EndProject
Project("{9A19103F-16F7-4668-BE54-9A1E7A4F7556}") = "Gadajec.Client", "..\..\Gadajec v.3.0\Gadajec.Client\Gadajec.Client\Gadajec.Client.csproj", "{9F69CB63-534B-4863-B378-D374915B50A4}"
EndProject
Global
	GlobalSection(SolutionConfigurationPlatforms) = preSolution
		Debug|Any CPU = Debug|Any CPU
		Release|Any CPU = Release|Any CPU
	EndGlobalSection
	GlobalSection(ProjectConfigurationPlatforms) = postSolution
		{96A19711-D39C-4CFB-926C-DCB27C755B55}.Debug|Any CPU.ActiveCfg = Debug|Any CPU
		{96A19711-D39C-4CFB-926C-DCB27C755B55}.Debug|Any CPU.Build.0 = Debug|Any CPU
		{96A19711-D39C-4CFB-926C-DCB27C755B55}.Release|Any CPU.ActiveCfg = Release|Any CPU
		{96A19711-D39C-4CFB-926C-DCB27C755B55}.Release|Any CPU.Build.0 = Release|Any CPU
		{48ABA335-81A7-4A8A-BE85-A304B1B70B97}.Debug|Any CPU.ActiveCfg = Debug|Any CPU
		{48ABA335-81A7-4A8A-BE85-A304B1B70B97}.Debug|Any CPU.Build.0 = Debug|Any CPU
		{48ABA335-81A7-4A8A-BE85-A304B1B70B97}.Release|Any CPU.ActiveCfg = Release|Any CPU
		{48ABA335-81A7-4A8A-BE85-A304B1B70B97}.Release|Any CPU.Build.0 = Release|Any CPU
		{1CF91908-0E32-42FD-AB05-CFDFC96BBB9E}.Debug|Any CPU.ActiveCfg = Debug|Any CPU
		{1CF91908-0E32-42FD-AB05-CFDFC96BBB9E}.Debug|Any CPU.Build.0 = Debug|Any CPU
		{1CF91908-0E32-42FD-AB05-CFDFC96BBB9E}.Release|Any CPU.ActiveCfg = Release|Any CPU
		{1CF91908-0E32-42FD-AB05-CFDFC96BBB9E}.Release|Any CPU.Build.0 = Release|Any CPU
		{91C04140-F548-4C07-BDE3-745B0789AA73}.Debug|Any CPU.ActiveCfg = Debug|Any CPU
		{91C04140-F548-4C07-BDE3-745B0789AA73}.Debug|Any CPU.Build.0 = Debug|Any CPU
		{91C04140-F548-4C07-BDE3-745B0789AA73}.Release|Any CPU.ActiveCfg = Release|Any CPU
		{91C04140-F548-4C07-BDE3-745B0789AA73}.Release|Any CPU.Build.0 = Release|Any CPU
		{7582B8F2-A2AD-4D49-A80A-3FE8C065C3B1}.Debug|Any CPU.ActiveCfg = Debug|Any CPU
		{7582B8F2-A2AD-4D49-A80A-3FE8C065C3B1}.Debug|Any CPU.Build.0 = Debug|Any CPU
		{7582B8F2-A2AD-4D49-A80A-3FE8C065C3B1}.Release|Any CPU.ActiveCfg = Release|Any CPU
		{7582B8F2-A2AD-4D49-A80A-3FE8C065C3B1}.Release|Any CPU.Build.0 = Release|Any CPU
		{E26E2829-3EA0-49FF-958E-1C9EB4DBC882}.Debug|Any CPU.ActiveCfg = Debug|Any CPU
		{E26E2829-3EA0-49FF-958E-1C9EB4DBC882}.Debug|Any CPU.Build.0 = Debug|Any CPU
		{E26E2829-3EA0-49FF-958E-1C9EB4DBC882}.Release|Any CPU.ActiveCfg = Release|Any CPU
		{E26E2829-3EA0-49FF-958E-1C9EB4DBC882}.Release|Any CPU.Build.0 = Release|Any CPU
		{9F69CB63-534B-4863-B378-D374915B50A4}.Debug|Any CPU.ActiveCfg = Debug|Any CPU
		{9F69CB63-534B-4863-B378-D374915B50A4}.Debug|Any CPU.Build.0 = Debug|Any CPU
		{9F69CB63-534B-4863-B378-D374915B50A4}.Release|Any CPU.ActiveCfg = Release|Any CPU
		{9F69CB63-534B-4863-B378-D374915B50A4}.Release|Any CPU.Build.0 = Release|Any CPU
	EndGlobalSection
	GlobalSection(SolutionProperties) = preSolution
		HideSolutionNode = FALSE
	EndGlobalSection
	GlobalSection(NestedProjects) = preSolution
		{96A19711-D39C-4CFB-926C-DCB27C755B55} = {FE9F7A99-C26E-4F9C-BB32-B7C6FF9CD4CA}
		{48ABA335-81A7-4A8A-BE85-A304B1B70B97} = {A53B2FFA-377A-45A8-9A93-82B920CD1729}
		{1CF91908-0E32-42FD-AB05-CFDFC96BBB9E} = {D71BE94D-F6E4-4B64-80CC-ADE67F9A4EC3}
		{91C04140-F548-4C07-BDE3-745B0789AA73} = {A8ED3556-2E80-4182-9421-53B9C51BB844}
		{7582B8F2-A2AD-4D49-A80A-3FE8C065C3B1} = {2037B17A-06EB-49C1-8DF5-ACC61C93D268}
		{E26E2829-3EA0-49FF-958E-1C9EB4DBC882} = {2037B17A-06EB-49C1-8DF5-ACC61C93D268}
		{9F69CB63-534B-4863-B378-D374915B50A4} = {FE9F7A99-C26E-4F9C-BB32-B7C6FF9CD4CA}
	EndGlobalSection
	GlobalSection(ExtensibilityGlobals) = postSolution
		SolutionGuid = {2E41A325-61EF-4492-BFA9-7A79D8EC2BDB}
	EndGlobalSection
EndGlobal
