
Microsoft Visual Studio Solution File, Format Version 12.00
# Visual Studio Version 17
VisualStudioVersion = 17.3.32929.385
MinimumVisualStudioVersion = 10.0.40219.1
Project("{2150E333-8FDC-42A3-9474-1A3956D46DE8}") = "Application", "Application", "{6E8583B1-FEA1-4D7D-8B68-049E7BBFF216}"
EndProject
Project("{2150E333-8FDC-42A3-9474-1A3956D46DE8}") = "Infrastructure", "Infrastructure", "{68D5B69F-4178-4ADA-BDE7-62B1643D6084}"
EndProject
Project("{2150E333-8FDC-42A3-9474-1A3956D46DE8}") = "Presentation", "Presentation", "{F5B10D93-E005-460E-8F45-1AF3E8EACC53}"
EndProject
Project("{2150E333-8FDC-42A3-9474-1A3956D46DE8}") = "Domain", "Domain", "{EB52C71F-FCBD-4B30-8F8A-F7F72FC94A33}"
EndProject
Project("{2150E333-8FDC-42A3-9474-1A3956D46DE8}") = "Shared", "Shared", "{68AFE384-EFA8-4A98-A5BA-197D32528AD7}"
EndProject
Project("{2150E333-8FDC-42A3-9474-1A3956D46DE8}") = "Persistance", "Persistance", "{5F6FD0F5-D50E-47FC-A16D-DE57F7D4AA1C}"
EndProject
Project("{FAE04EC0-301F-11D3-BF4B-00C04F79EFBC}") = "Gadajec.Application", "Gadajec.Application\Gadajec.Application.csproj", "{D546A46A-F6ED-47A3-BD73-98BDD417C7D3}"
	ProjectSection(ProjectDependencies) = postProject
		{4274EA98-0245-48C2-9357-0B4F1EF26022} = {4274EA98-0245-48C2-9357-0B4F1EF26022}
		{E9E7C591-43D0-4FA1-801C-E22FB49DEE5B} = {E9E7C591-43D0-4FA1-801C-E22FB49DEE5B}
	EndProjectSection
EndProject
Project("{FAE04EC0-301F-11D3-BF4B-00C04F79EFBC}") = "Gadajec.Domain", "Gadajec.Domain\Gadajec.Domain.csproj", "{E9E7C591-43D0-4FA1-801C-E22FB49DEE5B}"
EndProject
Project("{FAE04EC0-301F-11D3-BF4B-00C04F79EFBC}") = "Gadajec.Infrastructure", "Gadajec.Infrastructure\Gadajec.Infrastructure.csproj", "{CBB11217-26E1-4802-84F9-9CF2F56CA2B7}"
	ProjectSection(ProjectDependencies) = postProject
		{D546A46A-F6ED-47A3-BD73-98BDD417C7D3} = {D546A46A-F6ED-47A3-BD73-98BDD417C7D3}
	EndProjectSection
EndProject
Project("{FAE04EC0-301F-11D3-BF4B-00C04F79EFBC}") = "GadajecPersistance", "GadajecPersistance\GadajecPersistance.csproj", "{52619F78-49EB-47F1-8FD6-FED28B7BAF6F}"
	ProjectSection(ProjectDependencies) = postProject
		{D546A46A-F6ED-47A3-BD73-98BDD417C7D3} = {D546A46A-F6ED-47A3-BD73-98BDD417C7D3}
		{E9E7C591-43D0-4FA1-801C-E22FB49DEE5B} = {E9E7C591-43D0-4FA1-801C-E22FB49DEE5B}
	EndProjectSection
EndProject
Project("{FAE04EC0-301F-11D3-BF4B-00C04F79EFBC}") = "Gadajec.Server", "Gadajec.Server\Gadajec.Server.csproj", "{978781D0-FC4E-486D-98D3-5DCD7F2AB44C}"
	ProjectSection(ProjectDependencies) = postProject
		{4274EA98-0245-48C2-9357-0B4F1EF26022} = {4274EA98-0245-48C2-9357-0B4F1EF26022}
		{52619F78-49EB-47F1-8FD6-FED28B7BAF6F} = {52619F78-49EB-47F1-8FD6-FED28B7BAF6F}
		{D546A46A-F6ED-47A3-BD73-98BDD417C7D3} = {D546A46A-F6ED-47A3-BD73-98BDD417C7D3}
	EndProjectSection
EndProject
Project("{FAE04EC0-301F-11D3-BF4B-00C04F79EFBC}") = "Gadajec.Shared", "Gadajec.Shared\Gadajec.Shared.csproj", "{4274EA98-0245-48C2-9357-0B4F1EF26022}"
EndProject
Project("{FAE04EC0-301F-11D3-BF4B-00C04F79EFBC}") = "Gadajec.Clientt", "Gadajec.Clientt\Gadajec.Clientt.csproj", "{8D73F397-48D7-48B8-B330-69108F9F800B}"
EndProject
Global
	GlobalSection(SolutionConfigurationPlatforms) = preSolution
		Debug|Any CPU = Debug|Any CPU
		Release|Any CPU = Release|Any CPU
	EndGlobalSection
	GlobalSection(ProjectConfigurationPlatforms) = postSolution
		{D546A46A-F6ED-47A3-BD73-98BDD417C7D3}.Debug|Any CPU.ActiveCfg = Debug|Any CPU
		{D546A46A-F6ED-47A3-BD73-98BDD417C7D3}.Debug|Any CPU.Build.0 = Debug|Any CPU
		{D546A46A-F6ED-47A3-BD73-98BDD417C7D3}.Release|Any CPU.ActiveCfg = Release|Any CPU
		{D546A46A-F6ED-47A3-BD73-98BDD417C7D3}.Release|Any CPU.Build.0 = Release|Any CPU
		{E9E7C591-43D0-4FA1-801C-E22FB49DEE5B}.Debug|Any CPU.ActiveCfg = Debug|Any CPU
		{E9E7C591-43D0-4FA1-801C-E22FB49DEE5B}.Debug|Any CPU.Build.0 = Debug|Any CPU
		{E9E7C591-43D0-4FA1-801C-E22FB49DEE5B}.Release|Any CPU.ActiveCfg = Release|Any CPU
		{E9E7C591-43D0-4FA1-801C-E22FB49DEE5B}.Release|Any CPU.Build.0 = Release|Any CPU
		{CBB11217-26E1-4802-84F9-9CF2F56CA2B7}.Debug|Any CPU.ActiveCfg = Debug|Any CPU
		{CBB11217-26E1-4802-84F9-9CF2F56CA2B7}.Debug|Any CPU.Build.0 = Debug|Any CPU
		{CBB11217-26E1-4802-84F9-9CF2F56CA2B7}.Release|Any CPU.ActiveCfg = Release|Any CPU
		{CBB11217-26E1-4802-84F9-9CF2F56CA2B7}.Release|Any CPU.Build.0 = Release|Any CPU
		{52619F78-49EB-47F1-8FD6-FED28B7BAF6F}.Debug|Any CPU.ActiveCfg = Debug|Any CPU
		{52619F78-49EB-47F1-8FD6-FED28B7BAF6F}.Debug|Any CPU.Build.0 = Debug|Any CPU
		{52619F78-49EB-47F1-8FD6-FED28B7BAF6F}.Release|Any CPU.ActiveCfg = Release|Any CPU
		{52619F78-49EB-47F1-8FD6-FED28B7BAF6F}.Release|Any CPU.Build.0 = Release|Any CPU
		{978781D0-FC4E-486D-98D3-5DCD7F2AB44C}.Debug|Any CPU.ActiveCfg = Debug|Any CPU
		{978781D0-FC4E-486D-98D3-5DCD7F2AB44C}.Debug|Any CPU.Build.0 = Debug|Any CPU
		{978781D0-FC4E-486D-98D3-5DCD7F2AB44C}.Release|Any CPU.ActiveCfg = Release|Any CPU
		{978781D0-FC4E-486D-98D3-5DCD7F2AB44C}.Release|Any CPU.Build.0 = Release|Any CPU
		{4274EA98-0245-48C2-9357-0B4F1EF26022}.Debug|Any CPU.ActiveCfg = Debug|Any CPU
		{4274EA98-0245-48C2-9357-0B4F1EF26022}.Debug|Any CPU.Build.0 = Debug|Any CPU
		{4274EA98-0245-48C2-9357-0B4F1EF26022}.Release|Any CPU.ActiveCfg = Release|Any CPU
		{4274EA98-0245-48C2-9357-0B4F1EF26022}.Release|Any CPU.Build.0 = Release|Any CPU
		{8D73F397-48D7-48B8-B330-69108F9F800B}.Debug|Any CPU.ActiveCfg = Debug|Any CPU
		{8D73F397-48D7-48B8-B330-69108F9F800B}.Debug|Any CPU.Build.0 = Debug|Any CPU
		{8D73F397-48D7-48B8-B330-69108F9F800B}.Release|Any CPU.ActiveCfg = Release|Any CPU
		{8D73F397-48D7-48B8-B330-69108F9F800B}.Release|Any CPU.Build.0 = Release|Any CPU
	EndGlobalSection
	GlobalSection(SolutionProperties) = preSolution
		HideSolutionNode = FALSE
	EndGlobalSection
	GlobalSection(NestedProjects) = preSolution
		{D546A46A-F6ED-47A3-BD73-98BDD417C7D3} = {6E8583B1-FEA1-4D7D-8B68-049E7BBFF216}
		{E9E7C591-43D0-4FA1-801C-E22FB49DEE5B} = {EB52C71F-FCBD-4B30-8F8A-F7F72FC94A33}
		{CBB11217-26E1-4802-84F9-9CF2F56CA2B7} = {68D5B69F-4178-4ADA-BDE7-62B1643D6084}
		{52619F78-49EB-47F1-8FD6-FED28B7BAF6F} = {5F6FD0F5-D50E-47FC-A16D-DE57F7D4AA1C}
		{978781D0-FC4E-486D-98D3-5DCD7F2AB44C} = {F5B10D93-E005-460E-8F45-1AF3E8EACC53}
		{4274EA98-0245-48C2-9357-0B4F1EF26022} = {68AFE384-EFA8-4A98-A5BA-197D32528AD7}
		{8D73F397-48D7-48B8-B330-69108F9F800B} = {F5B10D93-E005-460E-8F45-1AF3E8EACC53}
	EndGlobalSection
	GlobalSection(ExtensibilityGlobals) = postSolution
		SolutionGuid = {6999C8ED-7AE1-43B1-BB37-692106D52FDC}
	EndGlobalSection
EndGlobal
