
Microsoft Visual Studio Solution File, Format Version 12.00
# Visual Studio Version 17
VisualStudioVersion = 17.2.32526.322
MinimumVisualStudioVersion = 10.0.40219.1
Project("{FAE04EC0-301F-11D3-BF4B-00C04F79EFBC}") = "Gadajec.API", "Gadajec\Gadajec.API.csproj", "{82AF5BE2-799E-48D6-BCC5-DD701047B6D5}"
EndProject
Project("{2150E333-8FDC-42A3-9474-1A3956D46DE8}") = "Gadajec.Core", "Gadajec.Core", "{4B7C1476-F53A-455A-B643-DE084B8E0111}"
EndProject
Project("{2150E333-8FDC-42A3-9474-1A3956D46DE8}") = "Gadajec.Infrastructure", "Gadajec.Infrastructure", "{71CC5129-2704-44DA-AB38-8A8B605B1513}"
EndProject
Project("{2150E333-8FDC-42A3-9474-1A3956D46DE8}") = "Gadajec.Presentation", "Gadajec.Presentation", "{07EA0E84-5B10-4CAC-937A-D3064C05E4D4}"
EndProject
Project("{FAE04EC0-301F-11D3-BF4B-00C04F79EFBC}") = "Gadajec.Application", "Gadajec.Application\Gadajec.Application.csproj", "{F74EA406-CCD7-4A37-A00C-10535398B98E}"
EndProject
Project("{FAE04EC0-301F-11D3-BF4B-00C04F79EFBC}") = "Gadajec.Domain", "Gadajec.Domain\Gadajec.Domain.csproj", "{2EF3C420-70FB-4220-B8E9-6FB2BF59FC81}"
EndProject
Project("{FAE04EC0-301F-11D3-BF4B-00C04F79EFBC}") = "Gadajec.Infrastructure", "Gadajec.Infrastructure\Gadajec.Infrastructure.csproj", "{A9145398-1C93-4741-B9EB-86B69103B0A7}"
EndProject
Project("{FAE04EC0-301F-11D3-BF4B-00C04F79EFBC}") = "Gadajec.Persistance", "Gadajec.Persistance\Gadajec.Persistance.csproj", "{4A559BEC-314F-4237-8E42-F98D4C1EA9B4}"
EndProject
Global
	GlobalSection(SolutionConfigurationPlatforms) = preSolution
		Debug|Any CPU = Debug|Any CPU
		Release|Any CPU = Release|Any CPU
	EndGlobalSection
	GlobalSection(ProjectConfigurationPlatforms) = postSolution
		{82AF5BE2-799E-48D6-BCC5-DD701047B6D5}.Debug|Any CPU.ActiveCfg = Debug|Any CPU
		{82AF5BE2-799E-48D6-BCC5-DD701047B6D5}.Debug|Any CPU.Build.0 = Debug|Any CPU
		{82AF5BE2-799E-48D6-BCC5-DD701047B6D5}.Release|Any CPU.ActiveCfg = Release|Any CPU
		{82AF5BE2-799E-48D6-BCC5-DD701047B6D5}.Release|Any CPU.Build.0 = Release|Any CPU
		{F74EA406-CCD7-4A37-A00C-10535398B98E}.Debug|Any CPU.ActiveCfg = Debug|Any CPU
		{F74EA406-CCD7-4A37-A00C-10535398B98E}.Debug|Any CPU.Build.0 = Debug|Any CPU
		{F74EA406-CCD7-4A37-A00C-10535398B98E}.Release|Any CPU.ActiveCfg = Release|Any CPU
		{F74EA406-CCD7-4A37-A00C-10535398B98E}.Release|Any CPU.Build.0 = Release|Any CPU
		{2EF3C420-70FB-4220-B8E9-6FB2BF59FC81}.Debug|Any CPU.ActiveCfg = Debug|Any CPU
		{2EF3C420-70FB-4220-B8E9-6FB2BF59FC81}.Debug|Any CPU.Build.0 = Debug|Any CPU
		{2EF3C420-70FB-4220-B8E9-6FB2BF59FC81}.Release|Any CPU.ActiveCfg = Release|Any CPU
		{2EF3C420-70FB-4220-B8E9-6FB2BF59FC81}.Release|Any CPU.Build.0 = Release|Any CPU
		{A9145398-1C93-4741-B9EB-86B69103B0A7}.Debug|Any CPU.ActiveCfg = Debug|Any CPU
		{A9145398-1C93-4741-B9EB-86B69103B0A7}.Debug|Any CPU.Build.0 = Debug|Any CPU
		{A9145398-1C93-4741-B9EB-86B69103B0A7}.Release|Any CPU.ActiveCfg = Release|Any CPU
		{A9145398-1C93-4741-B9EB-86B69103B0A7}.Release|Any CPU.Build.0 = Release|Any CPU
		{4A559BEC-314F-4237-8E42-F98D4C1EA9B4}.Debug|Any CPU.ActiveCfg = Debug|Any CPU
		{4A559BEC-314F-4237-8E42-F98D4C1EA9B4}.Debug|Any CPU.Build.0 = Debug|Any CPU
		{4A559BEC-314F-4237-8E42-F98D4C1EA9B4}.Release|Any CPU.ActiveCfg = Release|Any CPU
		{4A559BEC-314F-4237-8E42-F98D4C1EA9B4}.Release|Any CPU.Build.0 = Release|Any CPU
	EndGlobalSection
	GlobalSection(SolutionProperties) = preSolution
		HideSolutionNode = FALSE
	EndGlobalSection
	GlobalSection(NestedProjects) = preSolution
		{82AF5BE2-799E-48D6-BCC5-DD701047B6D5} = {07EA0E84-5B10-4CAC-937A-D3064C05E4D4}
		{F74EA406-CCD7-4A37-A00C-10535398B98E} = {4B7C1476-F53A-455A-B643-DE084B8E0111}
		{2EF3C420-70FB-4220-B8E9-6FB2BF59FC81} = {4B7C1476-F53A-455A-B643-DE084B8E0111}
		{A9145398-1C93-4741-B9EB-86B69103B0A7} = {71CC5129-2704-44DA-AB38-8A8B605B1513}
		{4A559BEC-314F-4237-8E42-F98D4C1EA9B4} = {71CC5129-2704-44DA-AB38-8A8B605B1513}
	EndGlobalSection
	GlobalSection(ExtensibilityGlobals) = postSolution
		SolutionGuid = {8FD61344-A81D-4B51-AE2D-5F276E32BD58}
	EndGlobalSection
EndGlobal
